
Microsoft Visual Studio Solution File, Format Version 12.00
# Visual Studio Version 17
VisualStudioVersion = 17.13.35931.197
MinimumVisualStudioVersion = 10.0.40219.1
Project("{8BC9CEB8-8B4A-11D0-8D11-00A0C91BC942}") = "BusyWaitServer", "Echo\Echo.vcxproj", "{D1A83147-EF98-4F33-8752-E749EBCA9558}"
EndProject
Project("{8BC9CEB8-8B4A-11D0-8D11-00A0C91BC942}") = "ChatClient", "ChatClient\ChatClient.vcxproj", "{0FADE0ED-0EAA-41A7-86CB-451976E0E165}"
EndProject
Project("{8BC9CEB8-8B4A-11D0-8D11-00A0C91BC942}") = "ImGuiChat", "ImGuiChat\ImGuiChat.vcxproj", "{A206F160-01BD-47CD-A188-141A1BAB44FA}"
EndProject
Project("{8BC9CEB8-8B4A-11D0-8D11-00A0C91BC942}") = "NagleClient", "NagleClient\NagleClient.vcxproj", "{6895B95E-6C14-418D-875C-79403F6AC8E7}"
EndProject
Project("{8BC9CEB8-8B4A-11D0-8D11-00A0C91BC942}") = "NagleServer", "NagleServer\NagleServer.vcxproj", "{318F429D-22B7-4365-A1F7-60F6D83287DA}"
EndProject
Project("{8BC9CEB8-8B4A-11D0-8D11-00A0C91BC942}") = "edu_IOCP", "edu_IOCP\edu_IOCP.vcxproj", "{5766AD41-F102-4670-8713-F2544C873FDB}"
EndProject
Project("{8BC9CEB8-8B4A-11D0-8D11-00A0C91BC942}") = "SendImageHW", "SendImageHW\SendImageHW.vcxproj", "{F25B1E97-32BC-45B4-BF96-C207F0777C04}"
EndProject
Project("{8BC9CEB8-8B4A-11D0-8D11-00A0C91BC942}") = "RecvImageHW", "RecvImageHW\RecvImageHW.vcxproj", "{AE67E6BF-F08C-478F-AAE5-7F45CC7A2B74}"
EndProject
Project("{8BC9CEB8-8B4A-11D0-8D11-00A0C91BC942}") = "SelectServer", "SelectServer\SelectServer.vcxproj", "{27CBC283-71E4-4140-BFFE-7E073A3767C8}"
EndProject
Global
	GlobalSection(SolutionConfigurationPlatforms) = preSolution
		Debug|x64 = Debug|x64
		Debug|x86 = Debug|x86
		Release|x64 = Release|x64
		Release|x86 = Release|x86
	EndGlobalSection
	GlobalSection(ProjectConfigurationPlatforms) = postSolution
		{D1A83147-EF98-4F33-8752-E749EBCA9558}.Debug|x64.ActiveCfg = Debug|x64
		{D1A83147-EF98-4F33-8752-E749EBCA9558}.Debug|x64.Build.0 = Debug|x64
		{D1A83147-EF98-4F33-8752-E749EBCA9558}.Debug|x86.ActiveCfg = Debug|Win32
		{D1A83147-EF98-4F33-8752-E749EBCA9558}.Debug|x86.Build.0 = Debug|Win32
		{D1A83147-EF98-4F33-8752-E749EBCA9558}.Release|x64.ActiveCfg = Release|x64
		{D1A83147-EF98-4F33-8752-E749EBCA9558}.Release|x64.Build.0 = Release|x64
		{D1A83147-EF98-4F33-8752-E749EBCA9558}.Release|x86.ActiveCfg = Release|Win32
		{D1A83147-EF98-4F33-8752-E749EBCA9558}.Release|x86.Build.0 = Release|Win32
		{0FADE0ED-0EAA-41A7-86CB-451976E0E165}.Debug|x64.ActiveCfg = Debug|x64
		{0FADE0ED-0EAA-41A7-86CB-451976E0E165}.Debug|x64.Build.0 = Debug|x64
		{0FADE0ED-0EAA-41A7-86CB-451976E0E165}.Debug|x86.ActiveCfg = Debug|Win32
		{0FADE0ED-0EAA-41A7-86CB-451976E0E165}.Debug|x86.Build.0 = Debug|Win32
		{0FADE0ED-0EAA-41A7-86CB-451976E0E165}.Release|x64.ActiveCfg = Release|x64
		{0FADE0ED-0EAA-41A7-86CB-451976E0E165}.Release|x64.Build.0 = Release|x64
		{0FADE0ED-0EAA-41A7-86CB-451976E0E165}.Release|x86.ActiveCfg = Release|Win32
		{0FADE0ED-0EAA-41A7-86CB-451976E0E165}.Release|x86.Build.0 = Release|Win32
		{A206F160-01BD-47CD-A188-141A1BAB44FA}.Debug|x64.ActiveCfg = Debug|x64
		{A206F160-01BD-47CD-A188-141A1BAB44FA}.Debug|x64.Build.0 = Debug|x64
		{A206F160-01BD-47CD-A188-141A1BAB44FA}.Debug|x86.ActiveCfg = Debug|Win32
		{A206F160-01BD-47CD-A188-141A1BAB44FA}.Debug|x86.Build.0 = Debug|Win32
		{A206F160-01BD-47CD-A188-141A1BAB44FA}.Release|x64.ActiveCfg = Release|x64
		{A206F160-01BD-47CD-A188-141A1BAB44FA}.Release|x64.Build.0 = Release|x64
		{A206F160-01BD-47CD-A188-141A1BAB44FA}.Release|x86.ActiveCfg = Release|Win32
		{A206F160-01BD-47CD-A188-141A1BAB44FA}.Release|x86.Build.0 = Release|Win32
		{6895B95E-6C14-418D-875C-79403F6AC8E7}.Debug|x64.ActiveCfg = Debug|x64
		{6895B95E-6C14-418D-875C-79403F6AC8E7}.Debug|x64.Build.0 = Debug|x64
		{6895B95E-6C14-418D-875C-79403F6AC8E7}.Debug|x86.ActiveCfg = Debug|Win32
		{6895B95E-6C14-418D-875C-79403F6AC8E7}.Debug|x86.Build.0 = Debug|Win32
		{6895B95E-6C14-418D-875C-79403F6AC8E7}.Release|x64.ActiveCfg = Release|x64
		{6895B95E-6C14-418D-875C-79403F6AC8E7}.Release|x64.Build.0 = Release|x64
		{6895B95E-6C14-418D-875C-79403F6AC8E7}.Release|x86.ActiveCfg = Release|Win32
		{6895B95E-6C14-418D-875C-79403F6AC8E7}.Release|x86.Build.0 = Release|Win32
		{318F429D-22B7-4365-A1F7-60F6D83287DA}.Debug|x64.ActiveCfg = Debug|x64
		{318F429D-22B7-4365-A1F7-60F6D83287DA}.Debug|x64.Build.0 = Debug|x64
		{318F429D-22B7-4365-A1F7-60F6D83287DA}.Debug|x86.ActiveCfg = Debug|Win32
		{318F429D-22B7-4365-A1F7-60F6D83287DA}.Debug|x86.Build.0 = Debug|Win32
		{318F429D-22B7-4365-A1F7-60F6D83287DA}.Release|x64.ActiveCfg = Release|x64
		{318F429D-22B7-4365-A1F7-60F6D83287DA}.Release|x64.Build.0 = Release|x64
		{318F429D-22B7-4365-A1F7-60F6D83287DA}.Release|x86.ActiveCfg = Release|Win32
		{318F429D-22B7-4365-A1F7-60F6D83287DA}.Release|x86.Build.0 = Release|Win32
		{5766AD41-F102-4670-8713-F2544C873FDB}.Debug|x64.ActiveCfg = Debug|x64
		{5766AD41-F102-4670-8713-F2544C873FDB}.Debug|x64.Build.0 = Debug|x64
		{5766AD41-F102-4670-8713-F2544C873FDB}.Debug|x86.ActiveCfg = Debug|Win32
		{5766AD41-F102-4670-8713-F2544C873FDB}.Debug|x86.Build.0 = Debug|Win32
		{5766AD41-F102-4670-8713-F2544C873FDB}.Release|x64.ActiveCfg = Release|x64
		{5766AD41-F102-4670-8713-F2544C873FDB}.Release|x64.Build.0 = Release|x64
		{5766AD41-F102-4670-8713-F2544C873FDB}.Release|x86.ActiveCfg = Release|Win32
		{5766AD41-F102-4670-8713-F2544C873FDB}.Release|x86.Build.0 = Release|Win32
		{F25B1E97-32BC-45B4-BF96-C207F0777C04}.Debug|x64.ActiveCfg = Debug|x64
		{F25B1E97-32BC-45B4-BF96-C207F0777C04}.Debug|x64.Build.0 = Debug|x64
		{F25B1E97-32BC-45B4-BF96-C207F0777C04}.Debug|x86.ActiveCfg = Debug|Win32
		{F25B1E97-32BC-45B4-BF96-C207F0777C04}.Debug|x86.Build.0 = Debug|Win32
		{F25B1E97-32BC-45B4-BF96-C207F0777C04}.Release|x64.ActiveCfg = Release|x64
		{F25B1E97-32BC-45B4-BF96-C207F0777C04}.Release|x64.Build.0 = Release|x64
		{F25B1E97-32BC-45B4-BF96-C207F0777C04}.Release|x86.ActiveCfg = Release|Win32
		{F25B1E97-32BC-45B4-BF96-C207F0777C04}.Release|x86.Build.0 = Release|Win32
		{AE67E6BF-F08C-478F-AAE5-7F45CC7A2B74}.Debug|x64.ActiveCfg = Debug|x64
		{AE67E6BF-F08C-478F-AAE5-7F45CC7A2B74}.Debug|x64.Build.0 = Debug|x64
		{AE67E6BF-F08C-478F-AAE5-7F45CC7A2B74}.Debug|x86.ActiveCfg = Debug|Win32
		{AE67E6BF-F08C-478F-AAE5-7F45CC7A2B74}.Debug|x86.Build.0 = Debug|Win32
		{AE67E6BF-F08C-478F-AAE5-7F45CC7A2B74}.Release|x64.ActiveCfg = Release|x64
		{AE67E6BF-F08C-478F-AAE5-7F45CC7A2B74}.Release|x64.Build.0 = Release|x64
		{AE67E6BF-F08C-478F-AAE5-7F45CC7A2B74}.Release|x86.ActiveCfg = Release|Win32
		{AE67E6BF-F08C-478F-AAE5-7F45CC7A2B74}.Release|x86.Build.0 = Release|Win32
		{27CBC283-71E4-4140-BFFE-7E073A3767C8}.Debug|x64.ActiveCfg = Debug|x64
		{27CBC283-71E4-4140-BFFE-7E073A3767C8}.Debug|x64.Build.0 = Debug|x64
		{27CBC283-71E4-4140-BFFE-7E073A3767C8}.Debug|x86.ActiveCfg = Debug|Win32
		{27CBC283-71E4-4140-BFFE-7E073A3767C8}.Debug|x86.Build.0 = Debug|Win32
		{27CBC283-71E4-4140-BFFE-7E073A3767C8}.Release|x64.ActiveCfg = Release|x64
		{27CBC283-71E4-4140-BFFE-7E073A3767C8}.Release|x64.Build.0 = Release|x64
		{27CBC283-71E4-4140-BFFE-7E073A3767C8}.Release|x86.ActiveCfg = Release|Win32
		{27CBC283-71E4-4140-BFFE-7E073A3767C8}.Release|x86.Build.0 = Release|Win32
	EndGlobalSection
	GlobalSection(SolutionProperties) = preSolution
		HideSolutionNode = FALSE
	EndGlobalSection
	GlobalSection(ExtensibilityGlobals) = postSolution
		SolutionGuid = {0F28C90A-0358-4DF0-BC26-198CA09E4190}
	EndGlobalSection
EndGlobal
